
Microsoft Visual Studio Solution File, Format Version 12.00
# Visual Studio Version 17
VisualStudioVersion = 17.3.32901.215
MinimumVisualStudioVersion = 10.0.40219.1
Project("{FAE04EC0-301F-11D3-BF4B-00C04F79EFBC}") = "EF_CodeFirst_CRUD", "EF_CodeFirst_CRUD\EF_CodeFirst_CRUD.csproj", "{B0237DC1-6BF4-44CC-A176-05FBAF6141EB}"
EndProject
Global
	GlobalSection(SolutionConfigurationPlatforms) = preSolution
		Debug|Any CPU = Debug|Any CPU
		Release|Any CPU = Release|Any CPU
	EndGlobalSection
	GlobalSection(ProjectConfigurationPlatforms) = postSolution
		{B0237DC1-6BF4-44CC-A176-05FBAF6141EB}.Debug|Any CPU.ActiveCfg = Debug|Any CPU
		{B0237DC1-6BF4-44CC-A176-05FBAF6141EB}.Debug|Any CPU.Build.0 = Debug|Any CPU
		{B0237DC1-6BF4-44CC-A176-05FBAF6141EB}.Release|Any CPU.ActiveCfg = Release|Any CPU
		{B0237DC1-6BF4-44CC-A176-05FBAF6141EB}.Release|Any CPU.Build.0 = Release|Any CPU
	EndGlobalSection
	GlobalSection(SolutionProperties) = preSolution
		HideSolutionNode = FALSE
	EndGlobalSection
	GlobalSection(ExtensibilityGlobals) = postSolution
		SolutionGuid = {BAF74D8F-160E-4408-882C-5FF5E1AFAC7B}
	EndGlobalSection
EndGlobal
